
Microsoft Visual Studio Solution File, Format Version 12.00
# Visual Studio Version 16
VisualStudioVersion = 16.0.31515.178
MinimumVisualStudioVersion = 10.0.40219.1
Project("{8BC9CEB8-8B4A-11D0-8D11-00A0C91BC942}") = "lab1_aoc", "lab1_aoc.vcxproj", "{FC751171-9E8F-4580-998B-8F43E173D74D}"
EndProject
Global
	GlobalSection(SolutionConfigurationPlatforms) = preSolution
		Debug|x64 = Debug|x64
		Debug|x86 = Debug|x86
		Release|x64 = Release|x64
		Release|x86 = Release|x86
	EndGlobalSection
	GlobalSection(ProjectConfigurationPlatforms) = postSolution
		{FC751171-9E8F-4580-998B-8F43E173D74D}.Debug|x64.ActiveCfg = Debug|x64
		{FC751171-9E8F-4580-998B-8F43E173D74D}.Debug|x64.Build.0 = Debug|x64
		{FC751171-9E8F-4580-998B-8F43E173D74D}.Debug|x86.ActiveCfg = Debug|Win32
		{FC751171-9E8F-4580-998B-8F43E173D74D}.Debug|x86.Build.0 = Debug|Win32
		{FC751171-9E8F-4580-998B-8F43E173D74D}.Release|x64.ActiveCfg = Release|x64
		{FC751171-9E8F-4580-998B-8F43E173D74D}.Release|x64.Build.0 = Release|x64
		{FC751171-9E8F-4580-998B-8F43E173D74D}.Release|x86.ActiveCfg = Release|Win32
		{FC751171-9E8F-4580-998B-8F43E173D74D}.Release|x86.Build.0 = Release|Win32
	EndGlobalSection
	GlobalSection(SolutionProperties) = preSolution
		HideSolutionNode = FALSE
	EndGlobalSection
	GlobalSection(ExtensibilityGlobals) = postSolution
		SolutionGuid = {8C0507C2-E2C1-4383-9EF0-34A7C5A5C0CC}
	EndGlobalSection
EndGlobal
